PODS:
  - SuspendedViewStub (0.1.0)

DEPENDENCIES:
  - SuspendedViewStub (from `../`)

EXTERNAL SOURCES:
  SuspendedViewStub:
    :path: "../"

SPEC CHECKSUMS:
  SuspendedViewStub: de0b6a0bb25120c1b48faf99de75b1589e60f7ac

PODFILE CHECKSUM: e3b97f21df569fffcd06b4547f4ec23586b4a71a

COCOAPODS: 1.2.1
